# This file is automatically @generated by Wally.
# It is not intended for manual editing.
registry = "test"

[[package]]
name = "cozywitchcraft/anti-wallhop"
version = "0.1.3"
dependencies = []

[[package]]
name = "cozywitchcraft/anti-wallhop-testing"
version = "0.1.0"
dependencies = [["AntiWallhop", "cozywitchcraft/anti-wallhop@0.1.3"]]
